// !$*UTF8*$!
{
	archiveVersion = 1;
	classes = {
	};
	objectVersion = 56;
	objects = {

/* Begin PBXBuildFile section */
		445BE0812C355A000079B81B /* TagViewController.swift in Sources */ = {isa = PBXBuildFile; fileRef = 445BE0802C355A000079B81B /* TagViewController.swift */; };
		445BE0842C35692A0079B81B /* PriorityViewController.swift in Sources */ = {isa = PBXBuildFile; fileRef = 445BE0832C35692A0079B81B /* PriorityViewController.swift */; };
		445BE0882C3570650079B81B /* MainViewController.swift in Sources */ = {isa = PBXBuildFile; fileRef = 445BE0872C3570650079B81B /* MainViewController.swift */; };
		445BE08A2C3588250079B81B /* MainCollectionCell.swift in Sources */ = {isa = PBXBuildFile; fileRef = 445BE0892C3588250079B81B /* MainCollectionCell.swift */; };
		445BE08C2C35886D0079B81B /* BaseCollectionViewCell.swift in Sources */ = {isa = PBXBuildFile; fileRef = 445BE08B2C35886D0079B81B /* BaseCollectionViewCell.swift */; };
		445BE0932C368FC40079B81B /* RealmSwift in Embed Frameworks */ = {isa = PBXBuildFile; productRef = 44E179642C340ADA003901CC /* RealmSwift */; settings = {ATTRIBUTES = (CodeSignOnCopy, ); }; };
		445BE0962C36AC9F0079B81B /* CalendarViewController.swift in Sources */ = {isa = PBXBuildFile; fileRef = 445BE0952C36AC9F0079B81B /* CalendarViewController.swift */; };
		445BE0992C36AD500079B81B /* FSCalendar in Frameworks */ = {isa = PBXBuildFile; productRef = 445BE0982C36AD500079B81B /* FSCalendar */; };
		445BE09D2C39362D0079B81B /* ImageFileManager.swift in Sources */ = {isa = PBXBuildFile; fileRef = 445BE09C2C39362D0079B81B /* ImageFileManager.swift */; };
		44E1794B2C33E697003901CC /* AppDelegate.swift in Sources */ = {isa = PBXBuildFile; fileRef = 44E1794A2C33E697003901CC /* AppDelegate.swift */; };
		44E1794D2C33E697003901CC /* SceneDelegate.swift in Sources */ = {isa = PBXBuildFile; fileRef = 44E1794C2C33E697003901CC /* SceneDelegate.swift */; };
		44E1794F2C33E697003901CC /* ListViewController.swift in Sources */ = {isa = PBXBuildFile; fileRef = 44E1794E2C33E697003901CC /* ListViewController.swift */; };
		44E179542C33E698003901CC /* Assets.xcassets in Resources */ = {isa = PBXBuildFile; fileRef = 44E179532C33E698003901CC /* Assets.xcassets */; };
		44E179572C33E698003901CC /* Base in Resources */ = {isa = PBXBuildFile; fileRef = 44E179562C33E698003901CC /* Base */; };
		44E179622C34095F003901CC /* BaseViewController.swift in Sources */ = {isa = PBXBuildFile; fileRef = 44E179612C34095F003901CC /* BaseViewController.swift */; };
		44E179652C340ADA003901CC /* RealmSwift in Frameworks */ = {isa = PBXBuildFile; productRef = 44E179642C340ADA003901CC /* RealmSwift */; };
		44E179682C340AEA003901CC /* SnapKit in Frameworks */ = {isa = PBXBuildFile; productRef = 44E179672C340AEA003901CC /* SnapKit */; };
		44E1796B2C340F52003901CC /* Constant.swift in Sources */ = {isa = PBXBuildFile; fileRef = 44E1796A2C340F52003901CC /* Constant.swift */; };
		44E1796D2C3412CE003901CC /* ListTableViewCell.swift in Sources */ = {isa = PBXBuildFile; fileRef = 44E1796C2C3412CE003901CC /* ListTableViewCell.swift */; };
		44E1796F2C341319003901CC /* BaseTableViewCell.swift in Sources */ = {isa = PBXBuildFile; fileRef = 44E1796E2C341319003901CC /* BaseTableViewCell.swift */; };
		44E179722C341D7E003901CC /* Reuseable.swift in Sources */ = {isa = PBXBuildFile; fileRef = 44E179712C341D7E003901CC /* Reuseable.swift */; };
		44E179742C34230A003901CC /* Protocol.swift in Sources */ = {isa = PBXBuildFile; fileRef = 44E179732C34230A003901CC /* Protocol.swift */; };
		44E179762C342B16003901CC /* AddTodoViewController.swift in Sources */ = {isa = PBXBuildFile; fileRef = 44E179752C342B16003901CC /* AddTodoViewController.swift */; };
		44E179792C342EF5003901CC /* AddTodoHeaderTableCell.swift in Sources */ = {isa = PBXBuildFile; fileRef = 44E179782C342EF5003901CC /* AddTodoHeaderTableCell.swift */; };
		44E1797B2C343342003901CC /* AddTodoTableCell.swift in Sources */ = {isa = PBXBuildFile; fileRef = 44E1797A2C343342003901CC /* AddTodoTableCell.swift */; };
		44E1797D2C344E6E003901CC /* DateViewController.swift in Sources */ = {isa = PBXBuildFile; fileRef = 44E1797C2C344E6E003901CC /* DateViewController.swift */; };
		44E179812C34566C003901CC /* RealmModel.swift in Sources */ = {isa = PBXBuildFile; fileRef = 44E179802C34566C003901CC /* RealmModel.swift */; };
		44E179872C3548E9003901CC /* Toast in Frameworks */ = {isa = PBXBuildFile; productRef = 44E179862C3548E9003901CC /* Toast */; };
		44E179892C354F4F003901CC /* Date+Extension.swift in Sources */ = {isa = PBXBuildFile; fileRef = 44E179882C354F4F003901CC /* Date+Extension.swift */; };
/* End PBXBuildFile section */

/* Begin PBXCopyFilesBuildPhase section */
		445BE0942C368FC40079B81B /* Embed Frameworks */ = {
			isa = PBXCopyFilesBuildPhase;
			buildActionMask = 2147483647;
			dstPath = "";
			dstSubfolderSpec = 10;
			files = (
				445BE0932C368FC40079B81B /* RealmSwift in Embed Frameworks */,
			);
			name = "Embed Frameworks";
			runOnlyForDeploymentPostprocessing = 0;
		};
/* End PBXCopyFilesBuildPhase section */

/* Begin PBXFileReference section */
		445BE0802C355A000079B81B /* TagViewController.swift */ = {isa = PBXFileReference; lastKnownFileType = sourcecode.swift; path = TagViewController.swift; sourceTree = "<group>"; };
		445BE0832C35692A0079B81B /* PriorityViewController.swift */ = {isa = PBXFileReference; lastKnownFileType = sourcecode.swift; path = PriorityViewController.swift; sourceTree = "<group>"; };
		445BE0872C3570650079B81B /* MainViewController.swift */ = {isa = PBXFileReference; lastKnownFileType = sourcecode.swift; path = MainViewController.swift; sourceTree = "<group>"; };
		445BE0892C3588250079B81B /* MainCollectionCell.swift */ = {isa = PBXFileReference; lastKnownFileType = sourcecode.swift; path = MainCollectionCell.swift; sourceTree = "<group>"; };
		445BE08B2C35886D0079B81B /* BaseCollectionViewCell.swift */ = {isa = PBXFileReference; lastKnownFileType = sourcecode.swift; path = BaseCollectionViewCell.swift; sourceTree = "<group>"; };
		445BE0952C36AC9F0079B81B /* CalendarViewController.swift */ = {isa = PBXFileReference; lastKnownFileType = sourcecode.swift; path = CalendarViewController.swift; sourceTree = "<group>"; };
		445BE09C2C39362D0079B81B /* ImageFileManager.swift */ = {isa = PBXFileReference; lastKnownFileType = sourcecode.swift; path = ImageFileManager.swift; sourceTree = "<group>"; };
		44E179472C33E697003901CC /* ReminderProject.app */ = {isa = PBXFileReference; explicitFileType = wrapper.application; includeInIndex = 0; path = ReminderProject.app; sourceTree = BUILT_PRODUCTS_DIR; };
		44E1794A2C33E697003901CC /* AppDelegate.swift */ = {isa = PBXFileReference; lastKnownFileType = sourcecode.swift; path = AppDelegate.swift; sourceTree = "<group>"; };
		44E1794C2C33E697003901CC /* SceneDelegate.swift */ = {isa = PBXFileReference; lastKnownFileType = sourcecode.swift; path = SceneDelegate.swift; sourceTree = "<group>"; };
		44E1794E2C33E697003901CC /* ListViewController.swift */ = {isa = PBXFileReference; lastKnownFileType = sourcecode.swift; path = ListViewController.swift; sourceTree = "<group>"; };
		44E179532C33E698003901CC /* Assets.xcassets */ = {isa = PBXFileReference; lastKnownFileType = folder.assetcatalog; path = Assets.xcassets; sourceTree = "<group>"; };
		44E179562C33E698003901CC /* Base */ = {isa = PBXFileReference; lastKnownFileType = file.storyboard; name = Base; path = Base.lproj/LaunchScreen.storyboard; sourceTree = "<group>"; };
		44E179582C33E698003901CC /* Info.plist */ = {isa = PBXFileReference; lastKnownFileType = text.plist.xml; path = Info.plist; sourceTree = "<group>"; };
		44E179612C34095F003901CC /* BaseViewController.swift */ = {isa = PBXFileReference; lastKnownFileType = sourcecode.swift; path = BaseViewController.swift; sourceTree = "<group>"; };
		44E1796A2C340F52003901CC /* Constant.swift */ = {isa = PBXFileReference; lastKnownFileType = sourcecode.swift; path = Constant.swift; sourceTree = "<group>"; };
		44E1796C2C3412CE003901CC /* ListTableViewCell.swift */ = {isa = PBXFileReference; lastKnownFileType = sourcecode.swift; path = ListTableViewCell.swift; sourceTree = "<group>"; };
		44E1796E2C341319003901CC /* BaseTableViewCell.swift */ = {isa = PBXFileReference; lastKnownFileType = sourcecode.swift; path = BaseTableViewCell.swift; sourceTree = "<group>"; };
		44E179712C341D7E003901CC /* Reuseable.swift */ = {isa = PBXFileReference; lastKnownFileType = sourcecode.swift; path = Reuseable.swift; sourceTree = "<group>"; };
		44E179732C34230A003901CC /* Protocol.swift */ = {isa = PBXFileReference; lastKnownFileType = sourcecode.swift; path = Protocol.swift; sourceTree = "<group>"; };
		44E179752C342B16003901CC /* AddTodoViewController.swift */ = {isa = PBXFileReference; lastKnownFileType = sourcecode.swift; path = AddTodoViewController.swift; sourceTree = "<group>"; };
		44E179782C342EF5003901CC /* AddTodoHeaderTableCell.swift */ = {isa = PBXFileReference; lastKnownFileType = sourcecode.swift; path = AddTodoHeaderTableCell.swift; sourceTree = "<group>"; };
		44E1797A2C343342003901CC /* AddTodoTableCell.swift */ = {isa = PBXFileReference; lastKnownFileType = sourcecode.swift; path = AddTodoTableCell.swift; sourceTree = "<group>"; };
		44E1797C2C344E6E003901CC /* DateViewController.swift */ = {isa = PBXFileReference; lastKnownFileType = sourcecode.swift; path = DateViewController.swift; sourceTree = "<group>"; };
		44E179802C34566C003901CC /* RealmModel.swift */ = {isa = PBXFileReference; lastKnownFileType = sourcecode.swift; path = RealmModel.swift; sourceTree = "<group>"; };
		44E179882C354F4F003901CC /* Date+Extension.swift */ = {isa = PBXFileReference; lastKnownFileType = sourcecode.swift; path = "Date+Extension.swift"; sourceTree = "<group>"; };
/* End PBXFileReference section */

/* Begin PBXFrameworksBuildPhase section */
		44E179442C33E697003901CC /* Frameworks */ = {
			isa = PBXFrameworksBuildPhase;
			buildActionMask = 2147483647;
			files = (
				44E179872C3548E9003901CC /* Toast in Frameworks */,
				445BE0992C36AD500079B81B /* FSCalendar in Frameworks */,
				44E179652C340ADA003901CC /* RealmSwift in Frameworks */,
				44E179682C340AEA003901CC /* SnapKit in Frameworks */,
			);
			runOnlyForDeploymentPostprocessing = 0;
		};
/* End PBXFrameworksBuildPhase section */

/* Begin PBXGroup section */
		445BE0822C355A030079B81B /* Tag */ = {
			isa = PBXGroup;
			children = (
				445BE0802C355A000079B81B /* TagViewController.swift */,
			);
			path = Tag;
			sourceTree = "<group>";
		};
		445BE0852C35692E0079B81B /* Priority */ = {
			isa = PBXGroup;
			children = (
				445BE0832C35692A0079B81B /* PriorityViewController.swift */,
			);
			path = Priority;
			sourceTree = "<group>";
		};
		445BE0862C35704F0079B81B /* Main */ = {
			isa = PBXGroup;
			children = (
				445BE0872C3570650079B81B /* MainViewController.swift */,
				445BE0892C3588250079B81B /* MainCollectionCell.swift */,
				445BE09A2C37ECC70079B81B /* Calendar */,
			);
			path = Main;
			sourceTree = "<group>";
		};
		445BE09A2C37ECC70079B81B /* Calendar */ = {
			isa = PBXGroup;
			children = (
				445BE0952C36AC9F0079B81B /* CalendarViewController.swift */,
			);
			path = Calendar;
			sourceTree = "<group>";
		};
		445BE09B2C3935510079B81B /* Extension */ = {
			isa = PBXGroup;
			children = (
				44E179882C354F4F003901CC /* Date+Extension.swift */,
			);
			path = Extension;
			sourceTree = "<group>";
		};
		44E1793E2C33E697003901CC = {
			isa = PBXGroup;
			children = (
				44E179492C33E697003901CC /* ReminderProject */,
				44E179482C33E697003901CC /* Products */,
			);
			sourceTree = "<group>";
		};
		44E179482C33E697003901CC /* Products */ = {
			isa = PBXGroup;
			children = (
				44E179472C33E697003901CC /* ReminderProject.app */,
			);
			name = Products;
			sourceTree = "<group>";
		};
		44E179492C33E697003901CC /* ReminderProject */ = {
			isa = PBXGroup;
			children = (
				44E1795F2C34060E003901CC /* Application */,
				44E1797F2C34564D003901CC /* Database */,
				44E179602C34094F003901CC /* Utils */,
				445BE0862C35704F0079B81B /* Main */,
				44E179772C342B1B003901CC /* Add */,
				44E179692C340E20003901CC /* List */,
				44E1795E2C3405FD003901CC /* Resource */,
			);
			path = ReminderProject;
			sourceTree = "<group>";
		};
		44E1795E2C3405FD003901CC /* Resource */ = {
			isa = PBXGroup;
			children = (
				44E179532C33E698003901CC /* Assets.xcassets */,
				44E179552C33E698003901CC /* LaunchScreen.storyboard */,
				44E179582C33E698003901CC /* Info.plist */,
			);
			path = Resource;
			sourceTree = "<group>";
		};
		44E1795F2C34060E003901CC /* Application */ = {
			isa = PBXGroup;
			children = (
				44E1794A2C33E697003901CC /* AppDelegate.swift */,
				44E1794C2C33E697003901CC /* SceneDelegate.swift */,
			);
			path = Application;
			sourceTree = "<group>";
		};
		44E179602C34094F003901CC /* Utils */ = {
			isa = PBXGroup;
			children = (
				44E1796A2C340F52003901CC /* Constant.swift */,
				44E179712C341D7E003901CC /* Reuseable.swift */,
				44E179732C34230A003901CC /* Protocol.swift */,
				445BE09C2C39362D0079B81B /* ImageFileManager.swift */,
				44E179702C34131F003901CC /* Base */,
				445BE09B2C3935510079B81B /* Extension */,
			);
			path = Utils;
			sourceTree = "<group>";
		};
		44E179692C340E20003901CC /* List */ = {
			isa = PBXGroup;
			children = (
				44E1794E2C33E697003901CC /* ListViewController.swift */,
				44E1796C2C3412CE003901CC /* ListTableViewCell.swift */,
			);
			path = List;
			sourceTree = "<group>";
		};
		44E179702C34131F003901CC /* Base */ = {
			isa = PBXGroup;
			children = (
				44E179612C34095F003901CC /* BaseViewController.swift */,
				44E1796E2C341319003901CC /* BaseTableViewCell.swift */,
				445BE08B2C35886D0079B81B /* BaseCollectionViewCell.swift */,
			);
			path = Base;
			sourceTree = "<group>";
		};
		44E179772C342B1B003901CC /* Add */ = {
			isa = PBXGroup;
			children = (
				44E179752C342B16003901CC /* AddTodoViewController.swift */,
				44E179782C342EF5003901CC /* AddTodoHeaderTableCell.swift */,
				44E1797A2C343342003901CC /* AddTodoTableCell.swift */,
				44E1797E2C344E72003901CC /* Date */,
				445BE0822C355A030079B81B /* Tag */,
				445BE0852C35692E0079B81B /* Priority */,
			);
			path = Add;
			sourceTree = "<group>";
		};
		44E1797E2C344E72003901CC /* Date */ = {
			isa = PBXGroup;
			children = (
				44E1797C2C344E6E003901CC /* DateViewController.swift */,
			);
			path = Date;
			sourceTree = "<group>";
		};
		44E1797F2C34564D003901CC /* Database */ = {
			isa = PBXGroup;
			children = (
				44E179802C34566C003901CC /* RealmModel.swift */,
			);
			path = Database;
			sourceTree = "<group>";
		};
/* End PBXGroup section */

/* Begin PBXNativeTarget section */
		44E179462C33E697003901CC /* ReminderProject */ = {
			isa = PBXNativeTarget;
			buildConfigurationList = 44E1795B2C33E698003901CC /* Build configuration list for PBXNativeTarget "ReminderProject" */;
			buildPhases = (
				44E179432C33E697003901CC /* Sources */,
				44E179442C33E697003901CC /* Frameworks */,
				44E179452C33E697003901CC /* Resources */,
				445BE0942C368FC40079B81B /* Embed Frameworks */,
			);
			buildRules = (
			);
			dependencies = (
			);
			name = ReminderProject;
			packageProductDependencies = (
				44E179642C340ADA003901CC /* RealmSwift */,
				44E179672C340AEA003901CC /* SnapKit */,
				44E179862C3548E9003901CC /* Toast */,
				445BE0982C36AD500079B81B /* FSCalendar */,
			);
			productName = ReminderProject;
			productReference = 44E179472C33E697003901CC /* ReminderProject.app */;
			productType = "com.apple.product-type.application";
		};
/* End PBXNativeTarget section */

/* Begin PBXProject section */
		44E1793F2C33E697003901CC /* Project object */ = {
			isa = PBXProject;
			attributes = {
				BuildIndependentTargetsInParallel = 1;
				LastSwiftUpdateCheck = 1530;
				LastUpgradeCheck = 1530;
				TargetAttributes = {
					44E179462C33E697003901CC = {
						CreatedOnToolsVersion = 15.3;
					};
				};
			};
			buildConfigurationList = 44E179422C33E697003901CC /* Build configuration list for PBXProject "ReminderProject" */;
			compatibilityVersion = "Xcode 14.0";
			developmentRegion = en;
			hasScannedForEncodings = 0;
			knownRegions = (
				en,
				Base,
			);
			mainGroup = 44E1793E2C33E697003901CC;
			packageReferences = (
				44E179632C340ADA003901CC /* XCRemoteSwiftPackageReference "realm-swift" */,
				44E179662C340AEA003901CC /* XCRemoteSwiftPackageReference "SnapKit" */,
				44E179852C3548E9003901CC /* XCRemoteSwiftPackageReference "Toast-Swift" */,
				445BE0972C36AD500079B81B /* XCRemoteSwiftPackageReference "FSCalendar" */,
			);
			productRefGroup = 44E179482C33E697003901CC /* Products */;
			projectDirPath = "";
			projectRoot = "";
			targets = (
				44E179462C33E697003901CC /* ReminderProject */,
			);
		};
/* End PBXProject section */

/* Begin PBXResourcesBuildPhase section */
		44E179452C33E697003901CC /* Resources */ = {
			isa = PBXResourcesBuildPhase;
			buildActionMask = 2147483647;
			files = (
				44E179542C33E698003901CC /* Assets.xcassets in Resources */,
				44E179572C33E698003901CC /* Base in Resources */,
			);
			runOnlyForDeploymentPostprocessing = 0;
		};
/* End PBXResourcesBuildPhase section */

/* Begin PBXSourcesBuildPhase section */
		44E179432C33E697003901CC /* Sources */ = {
			isa = PBXSourcesBuildPhase;
			buildActionMask = 2147483647;
			files = (
				445BE0842C35692A0079B81B /* PriorityViewController.swift in Sources */,
				44E1794F2C33E697003901CC /* ListViewController.swift in Sources */,
				44E179812C34566C003901CC /* RealmModel.swift in Sources */,
				44E179622C34095F003901CC /* BaseViewController.swift in Sources */,
				44E179722C341D7E003901CC /* Reuseable.swift in Sources */,
				445BE08C2C35886D0079B81B /* BaseCollectionViewCell.swift in Sources */,
				44E1796B2C340F52003901CC /* Constant.swift in Sources */,
				445BE09D2C39362D0079B81B /* ImageFileManager.swift in Sources */,
				44E179892C354F4F003901CC /* Date+Extension.swift in Sources */,
				44E1794B2C33E697003901CC /* AppDelegate.swift in Sources */,
				44E1797D2C344E6E003901CC /* DateViewController.swift in Sources */,
				44E179742C34230A003901CC /* Protocol.swift in Sources */,
				445BE08A2C3588250079B81B /* MainCollectionCell.swift in Sources */,
				445BE0962C36AC9F0079B81B /* CalendarViewController.swift in Sources */,
				44E179792C342EF5003901CC /* AddTodoHeaderTableCell.swift in Sources */,
				44E179762C342B16003901CC /* AddTodoViewController.swift in Sources */,
				44E1797B2C343342003901CC /* AddTodoTableCell.swift in Sources */,
				44E1796F2C341319003901CC /* BaseTableViewCell.swift in Sources */,
				445BE0812C355A000079B81B /* TagViewController.swift in Sources */,
				445BE0882C3570650079B81B /* MainViewController.swift in Sources */,
				44E1794D2C33E697003901CC /* SceneDelegate.swift in Sources */,
				44E1796D2C3412CE003901CC /* ListTableViewCell.swift in Sources */,
			);
			runOnlyForDeploymentPostprocessing = 0;
		};
/* End PBXSourcesBuildPhase section */

/* Begin PBXVariantGroup section */
		44E179552C33E698003901CC /* LaunchScreen.storyboard */ = {
			isa = PBXVariantGroup;
			children = (
				44E179562C33E698003901CC /* Base */,
			);
			name = LaunchScreen.storyboard;
			sourceTree = "<group>";
		};
/* End PBXVariantGroup section */

/* Begin XCBuildConfiguration section */
		44E179592C33E698003901CC /* Debug */ = {
			isa = XCBuildConfiguration;
			buildSettings = {
				ALWAYS_SEARCH_USER_PATHS = NO;
				ASSETCATALOG_COMPILER_GENERATE_SWIFT_ASSET_SYMBOL_EXTENSIONS = YES;
				CLANG_ANALYZER_NONNULL = YES;
				CLANG_ANALYZER_NUMBER_OBJECT_CONVERSION = YES_AGGRESSIVE;
				CLANG_CXX_LANGUAGE_STANDARD = "gnu++20";
				CLANG_ENABLE_MODULES = YES;
				CLANG_ENABLE_OBJC_ARC = YES;
				CLANG_ENABLE_OBJC_WEAK = YES;
				CLANG_WARN_BLOCK_CAPTURE_AUTORELEASING = YES;
				CLANG_WARN_BOOL_CONVERSION = YES;
				CLANG_WARN_COMMA = YES;
				CLANG_WARN_CONSTANT_CONVERSION = YES;
				CLANG_WARN_DEPRECATED_OBJC_IMPLEMENTATIONS = YES;
				CLANG_WARN_DIRECT_OBJC_ISA_USAGE = YES_ERROR;
				CLANG_WARN_DOCUMENTATION_COMMENTS = YES;
				CLANG_WARN_EMPTY_BODY = YES;
				CLANG_WARN_ENUM_CONVERSION = YES;
				CLANG_WARN_INFINITE_RECURSION = YES;
				CLANG_WARN_INT_CONVERSION = YES;
				CLANG_WARN_NON_LITERAL_NULL_CONVERSION = YES;
				CLANG_WARN_OBJC_IMPLICIT_RETAIN_SELF = YES;
				CLANG_WARN_OBJC_LITERAL_CONVERSION = YES;
				CLANG_WARN_OBJC_ROOT_CLASS = YES_ERROR;
				CLANG_WARN_QUOTED_INCLUDE_IN_FRAMEWORK_HEADER = YES;
				CLANG_WARN_RANGE_LOOP_ANALYSIS = YES;
				CLANG_WARN_STRICT_PROTOTYPES = YES;
				CLANG_WARN_SUSPICIOUS_MOVE = YES;
				CLANG_WARN_UNGUARDED_AVAILABILITY = YES_AGGRESSIVE;
				CLANG_WARN_UNREACHABLE_CODE = YES;
				CLANG_WARN__DUPLICATE_METHOD_MATCH = YES;
				COPY_PHASE_STRIP = NO;
				DEBUG_INFORMATION_FORMAT = dwarf;
				ENABLE_STRICT_OBJC_MSGSEND = YES;
				ENABLE_TESTABILITY = YES;
				ENABLE_USER_SCRIPT_SANDBOXING = YES;
				GCC_C_LANGUAGE_STANDARD = gnu17;
				GCC_DYNAMIC_NO_PIC = NO;
				GCC_NO_COMMON_BLOCKS = YES;
				GCC_OPTIMIZATION_LEVEL = 0;
				GCC_PREPROCESSOR_DEFINITIONS = (
					"DEBUG=1",
					"$(inherited)",
				);
				GCC_WARN_64_TO_32_BIT_CONVERSION = YES;
				GCC_WARN_ABOUT_RETURN_TYPE = YES_ERROR;
				GCC_WARN_UNDECLARED_SELECTOR = YES;
				GCC_WARN_UNINITIALIZED_AUTOS = YES_AGGRESSIVE;
				GCC_WARN_UNUSED_FUNCTION = YES;
				GCC_WARN_UNUSED_VARIABLE = YES;
				IPHONEOS_DEPLOYMENT_TARGET = 17.4;
				LOCALIZATION_PREFERS_STRING_CATALOGS = YES;
				MTL_ENABLE_DEBUG_INFO = INCLUDE_SOURCE;
				MTL_FAST_MATH = YES;
				ONLY_ACTIVE_ARCH = YES;
				SDKROOT = iphoneos;
				SWIFT_ACTIVE_COMPILATION_CONDITIONS = "DEBUG $(inherited)";
				SWIFT_OPTIMIZATION_LEVEL = "-Onone";
			};
			name = Debug;
		};
		44E1795A2C33E698003901CC /* Release */ = {
			isa = XCBuildConfiguration;
			buildSettings = {
				ALWAYS_SEARCH_USER_PATHS = NO;
				ASSETCATALOG_COMPILER_GENERATE_SWIFT_ASSET_SYMBOL_EXTENSIONS = YES;
				CLANG_ANALYZER_NONNULL = YES;
				CLANG_ANALYZER_NUMBER_OBJECT_CONVERSION = YES_AGGRESSIVE;
				CLANG_CXX_LANGUAGE_STANDARD = "gnu++20";
				CLANG_ENABLE_MODULES = YES;
				CLANG_ENABLE_OBJC_ARC = YES;
				CLANG_ENABLE_OBJC_WEAK = YES;
				CLANG_WARN_BLOCK_CAPTURE_AUTORELEASING = YES;
				CLANG_WARN_BOOL_CONVERSION = YES;
				CLANG_WARN_COMMA = YES;
				CLANG_WARN_CONSTANT_CONVERSION = YES;
				CLANG_WARN_DEPRECATED_OBJC_IMPLEMENTATIONS = YES;
				CLANG_WARN_DIRECT_OBJC_ISA_USAGE = YES_ERROR;
				CLANG_WARN_DOCUMENTATION_COMMENTS = YES;
				CLANG_WARN_EMPTY_BODY = YES;
				CLANG_WARN_ENUM_CONVERSION = YES;
				CLANG_WARN_INFINITE_RECURSION = YES;
				CLANG_WARN_INT_CONVERSION = YES;
				CLANG_WARN_NON_LITERAL_NULL_CONVERSION = YES;
				CLANG_WARN_OBJC_IMPLICIT_RETAIN_SELF = YES;
				CLANG_WARN_OBJC_LITERAL_CONVERSION = YES;
				CLANG_WARN_OBJC_ROOT_CLASS = YES_ERROR;
				CLANG_WARN_QUOTED_INCLUDE_IN_FRAMEWORK_HEADER = YES;
				CLANG_WARN_RANGE_LOOP_ANALYSIS = YES;
				CLANG_WARN_STRICT_PROTOTYPES = YES;
				CLANG_WARN_SUSPICIOUS_MOVE = YES;
				CLANG_WARN_UNGUARDED_AVAILABILITY = YES_AGGRESSIVE;
				CLANG_WARN_UNREACHABLE_CODE = YES;
				CLANG_WARN__DUPLICATE_METHOD_MATCH = YES;
				COPY_PHASE_STRIP = NO;
				DEBUG_INFORMATION_FORMAT = "dwarf-with-dsym";
				ENABLE_NS_ASSERTIONS = NO;
				ENABLE_STRICT_OBJC_MSGSEND = YES;
				ENABLE_USER_SCRIPT_SANDBOXING = YES;
				GCC_C_LANGUAGE_STANDARD = gnu17;
				GCC_NO_COMMON_BLOCKS = YES;
				GCC_WARN_64_TO_32_BIT_CONVERSION = YES;
				GCC_WARN_ABOUT_RETURN_TYPE = YES_ERROR;
				GCC_WARN_UNDECLARED_SELECTOR = YES;
				GCC_WARN_UNINITIALIZED_AUTOS = YES_AGGRESSIVE;
				GCC_WARN_UNUSED_FUNCTION = YES;
				GCC_WARN_UNUSED_VARIABLE = YES;
				IPHONEOS_DEPLOYMENT_TARGET = 17.4;
				LOCALIZATION_PREFERS_STRING_CATALOGS = YES;
				MTL_ENABLE_DEBUG_INFO = NO;
				MTL_FAST_MATH = YES;
				SDKROOT = iphoneos;
				SWIFT_COMPILATION_MODE = wholemodule;
				VALIDATE_PRODUCT = YES;
			};
			name = Release;
		};
		44E1795C2C33E698003901CC /* Debug */ = {
			isa = XCBuildConfiguration;
			buildSettings = {
				ASSETCATALOG_COMPILER_APPICON_NAME = AppIcon;
				ASSETCATALOG_COMPILER_GLOBAL_ACCENT_COLOR_NAME = AccentColor;
				CODE_SIGN_STYLE = Automatic;
				CURRENT_PROJECT_VERSION = 1;
				DEVELOPMENT_TEAM = 9M37U587ZT;
				GENERATE_INFOPLIST_FILE = YES;
				INFOPLIST_FILE = ReminderProject/Resource/Info.plist;
				INFOPLIST_KEY_UIApplicationSupportsIndirectInputEvents = YES;
				INFOPLIST_KEY_UILaunchStoryboardName = LaunchScreen;
				INFOPLIST_KEY_UISupportedInterfaceOrientations = UIInterfaceOrientationPortrait;
				INFOPLIST_KEY_UISupportedInterfaceOrientations_iPad = UIInterfaceOrientationPortrait;
				IPHONEOS_DEPLOYMENT_TARGET = 16.0;
				LD_RUNPATH_SEARCH_PATHS = (
					"$(inherited)",
					"@executable_path/Frameworks",
				);
				MARKETING_VERSION = 1.0;
				PRODUCT_BUNDLE_IDENTIFIER = com.daeyunkwon.ReminderProject;
				PRODUCT_NAME = "$(TARGET_NAME)";
				SUPPORTED_PLATFORMS = "iphoneos iphonesimulator";
				SUPPORTS_MACCATALYST = NO;
				SUPPORTS_MAC_DESIGNED_FOR_IPHONE_IPAD = NO;
				SUPPORTS_XR_DESIGNED_FOR_IPHONE_IPAD = NO;
				SWIFT_EMIT_LOC_STRINGS = YES;
				SWIFT_VERSION = 5.0;
				TARGETED_DEVICE_FAMILY = 1;
			};
			name = Debug;
		};
		44E1795D2C33E698003901CC /* Release */ = {
			isa = XCBuildConfiguration;
			buildSettings = {
				ASSETCATALOG_COMPILER_APPICON_NAME = AppIcon;
				ASSETCATALOG_COMPILER_GLOBAL_ACCENT_COLOR_NAME = AccentColor;
				CODE_SIGN_STYLE = Automatic;
				CURRENT_PROJECT_VERSION = 1;
				DEVELOPMENT_TEAM = 9M37U587ZT;
				GENERATE_INFOPLIST_FILE = YES;
				INFOPLIST_FILE = ReminderProject/Resource/Info.plist;
				INFOPLIST_KEY_UIApplicationSupportsIndirectInputEvents = YES;
				INFOPLIST_KEY_UILaunchStoryboardName = LaunchScreen;
				INFOPLIST_KEY_UISupportedInterfaceOrientations = UIInterfaceOrientationPortrait;
				INFOPLIST_KEY_UISupportedInterfaceOrientations_iPad = UIInterfaceOrientationPortrait;
				IPHONEOS_DEPLOYMENT_TARGET = 16.0;
				LD_RUNPATH_SEARCH_PATHS = (
					"$(inherited)",
					"@executable_path/Frameworks",
				);
				MARKETING_VERSION = 1.0;
				PRODUCT_BUNDLE_IDENTIFIER = com.daeyunkwon.ReminderProject;
				PRODUCT_NAME = "$(TARGET_NAME)";
				SUPPORTED_PLATFORMS = "iphoneos iphonesimulator";
				SUPPORTS_MACCATALYST = NO;
				SUPPORTS_MAC_DESIGNED_FOR_IPHONE_IPAD = NO;
				SUPPORTS_XR_DESIGNED_FOR_IPHONE_IPAD = NO;
				SWIFT_EMIT_LOC_STRINGS = YES;
				SWIFT_VERSION = 5.0;
				TARGETED_DEVICE_FAMILY = 1;
			};
			name = Release;
		};
/* End XCBuildConfiguration section */

/* Begin XCConfigurationList section */
		44E179422C33E697003901CC /* Build configuration list for PBXProject "ReminderProject" */ = {
			isa = XCConfigurationList;
			buildConfigurations = (
				44E179592C33E698003901CC /* Debug */,
				44E1795A2C33E698003901CC /* Release */,
			);
			defaultConfigurationIsVisible = 0;
			defaultConfigurationName = Release;
		};
		44E1795B2C33E698003901CC /* Build configuration list for PBXNativeTarget "ReminderProject" */ = {
			isa = XCConfigurationList;
			buildConfigurations = (
				44E1795C2C33E698003901CC /* Debug */,
				44E1795D2C33E698003901CC /* Release */,
			);
			defaultConfigurationIsVisible = 0;
			defaultConfigurationName = Release;
		};
/* End XCConfigurationList section */

/* Begin XCRemoteSwiftPackageReference section */
		445BE0972C36AD500079B81B /* XCRemoteSwiftPackageReference "FSCalendar" */ = {
			isa = XCRemoteSwiftPackageReference;
			repositoryURL = "https://github.com/WenchaoD/FSCalendar";
			requirement = {
				kind = upToNextMajorVersion;
				minimumVersion = 2.8.4;
			};
		};
		44E179632C340ADA003901CC /* XCRemoteSwiftPackageReference "realm-swift" */ = {
			isa = XCRemoteSwiftPackageReference;
			repositoryURL = "https://github.com/realm/realm-swift";
			requirement = {
				kind = exactVersion;
				version = 10.52.1;
			};
		};
		44E179662C340AEA003901CC /* XCRemoteSwiftPackageReference "SnapKit" */ = {
			isa = XCRemoteSwiftPackageReference;
			repositoryURL = "https://github.com/SnapKit/SnapKit";
			requirement = {
				kind = upToNextMajorVersion;
				minimumVersion = 5.7.1;
			};
		};
		44E179852C3548E9003901CC /* XCRemoteSwiftPackageReference "Toast-Swift" */ = {
			isa = XCRemoteSwiftPackageReference;
			repositoryURL = "https://github.com/scalessec/Toast-Swift";
			requirement = {
				kind = upToNextMajorVersion;
				minimumVersion = 5.1.1;
			};
		};
/* End XCRemoteSwiftPackageReference section */

/* Begin XCSwiftPackageProductDependency section */
		445BE0982C36AD500079B81B /* FSCalendar */ = {
			isa = XCSwiftPackageProductDependency;
			package = 445BE0972C36AD500079B81B /* XCRemoteSwiftPackageReference "FSCalendar" */;
			productName = FSCalendar;
		};
		44E179642C340ADA003901CC /* RealmSwift */ = {
			isa = XCSwiftPackageProductDependency;
			package = 44E179632C340ADA003901CC /* XCRemoteSwiftPackageReference "realm-swift" */;
			productName = RealmSwift;
		};
		44E179672C340AEA003901CC /* SnapKit */ = {
			isa = XCSwiftPackageProductDependency;
			package = 44E179662C340AEA003901CC /* XCRemoteSwiftPackageReference "SnapKit" */;
			productName = SnapKit;
		};
		44E179862C3548E9003901CC /* Toast */ = {
			isa = XCSwiftPackageProductDependency;
			package = 44E179852C3548E9003901CC /* XCRemoteSwiftPackageReference "Toast-Swift" */;
			productName = Toast;
		};
/* End XCSwiftPackageProductDependency section */
	};
	rootObject = 44E1793F2C33E697003901CC /* Project object */;
}
